
Microsoft Visual Studio Solution File, Format Version 12.00
# Visual Studio Version 17
VisualStudioVersion = 17.4.33103.184
MinimumVisualStudioVersion = 10.0.40219.1
Project("{FAE04EC0-301F-11D3-BF4B-00C04F79EFBC}") = "TDD", "TDD.csproj", "{39BC7508-5949-4C28-93BC-5E543C1F003B}"
EndProject
Project("{FAE04EC0-301F-11D3-BF4B-00C04F79EFBC}") = "WorkshopTests", "..\WorkshopTests\WorkshopTests.csproj", "{D8E57820-D754-493C-963A-EB474E7DC76D}"
EndProject
Global
	GlobalSection(SolutionConfigurationPlatforms) = preSolution
		Debug|Any CPU = Debug|Any CPU
		Release|Any CPU = Release|Any CPU
	EndGlobalSection
	GlobalSection(ProjectConfigurationPlatforms) = postSolution
		{39BC7508-5949-4C28-93BC-5E543C1F003B}.Debug|Any CPU.ActiveCfg = Debug|Any CPU
		{39BC7508-5949-4C28-93BC-5E543C1F003B}.Debug|Any CPU.Build.0 = Debug|Any CPU
		{39BC7508-5949-4C28-93BC-5E543C1F003B}.Release|Any CPU.ActiveCfg = Release|Any CPU
		{39BC7508-5949-4C28-93BC-5E543C1F003B}.Release|Any CPU.Build.0 = Release|Any CPU
		{D8E57820-D754-493C-963A-EB474E7DC76D}.Debug|Any CPU.ActiveCfg = Debug|Any CPU
		{D8E57820-D754-493C-963A-EB474E7DC76D}.Debug|Any CPU.Build.0 = Debug|Any CPU
		{D8E57820-D754-493C-963A-EB474E7DC76D}.Release|Any CPU.ActiveCfg = Release|Any CPU
		{D8E57820-D754-493C-963A-EB474E7DC76D}.Release|Any CPU.Build.0 = Release|Any CPU
	EndGlobalSection
	GlobalSection(SolutionProperties) = preSolution
		HideSolutionNode = FALSE
	EndGlobalSection
	GlobalSection(ExtensibilityGlobals) = postSolution
		SolutionGuid = {BD3E4EAC-18DC-49DC-87A9-304749ABBA3F}
	EndGlobalSection
EndGlobal
